
Microsoft Visual Studio Solution File, Format Version 12.00
# Visual Studio 14
VisualStudioVersion = 14.0.25420.1
MinimumVisualStudioVersion = 10.0.40219.1
Project("{FAE04EC0-301F-11D3-BF4B-00C04F79EFBC}") = "Pos.Web", "Pos.Web\Pos.Web.csproj", "{B72999CC-DD12-4C0F-B4B2-E17ECEF3CEA2}"
EndProject
Project("{FAE04EC0-301F-11D3-BF4B-00C04F79EFBC}") = "Pos.Repository", "Pos.Repository\Pos.Repository.csproj", "{DA635000-E36A-4C43-8B77-D89E1BCD873B}"
EndProject
Project("{FAE04EC0-301F-11D3-BF4B-00C04F79EFBC}") = "Pos.Models", "Pos.Models\Pos.Models.csproj", "{FB7698AB-9121-49A9-AB14-40BB911973C9}"
EndProject
Project("{FAE04EC0-301F-11D3-BF4B-00C04F79EFBC}") = "Pos.PosBusinessProcessor", "Pos.PosBusinessProcessor\Pos.PosBusinessProcessor.csproj", "{DC3EEA45-72C5-4C98-AA94-C33AFEEF067C}"
EndProject
Global
	GlobalSection(SolutionConfigurationPlatforms) = preSolution
		Debug|Any CPU = Debug|Any CPU
		Release|Any CPU = Release|Any CPU
	EndGlobalSection
	GlobalSection(ProjectConfigurationPlatforms) = postSolution
		{B72999CC-DD12-4C0F-B4B2-E17ECEF3CEA2}.Debug|Any CPU.ActiveCfg = Debug|Any CPU
		{B72999CC-DD12-4C0F-B4B2-E17ECEF3CEA2}.Debug|Any CPU.Build.0 = Debug|Any CPU
		{B72999CC-DD12-4C0F-B4B2-E17ECEF3CEA2}.Release|Any CPU.ActiveCfg = Release|Any CPU
		{B72999CC-DD12-4C0F-B4B2-E17ECEF3CEA2}.Release|Any CPU.Build.0 = Release|Any CPU
		{DA635000-E36A-4C43-8B77-D89E1BCD873B}.Debug|Any CPU.ActiveCfg = Debug|Any CPU
		{DA635000-E36A-4C43-8B77-D89E1BCD873B}.Debug|Any CPU.Build.0 = Debug|Any CPU
		{DA635000-E36A-4C43-8B77-D89E1BCD873B}.Release|Any CPU.ActiveCfg = Release|Any CPU
		{DA635000-E36A-4C43-8B77-D89E1BCD873B}.Release|Any CPU.Build.0 = Release|Any CPU
		{FB7698AB-9121-49A9-AB14-40BB911973C9}.Debug|Any CPU.ActiveCfg = Debug|Any CPU
		{FB7698AB-9121-49A9-AB14-40BB911973C9}.Debug|Any CPU.Build.0 = Debug|Any CPU
		{FB7698AB-9121-49A9-AB14-40BB911973C9}.Release|Any CPU.ActiveCfg = Release|Any CPU
		{FB7698AB-9121-49A9-AB14-40BB911973C9}.Release|Any CPU.Build.0 = Release|Any CPU
		{DC3EEA45-72C5-4C98-AA94-C33AFEEF067C}.Debug|Any CPU.ActiveCfg = Debug|Any CPU
		{DC3EEA45-72C5-4C98-AA94-C33AFEEF067C}.Debug|Any CPU.Build.0 = Debug|Any CPU
		{DC3EEA45-72C5-4C98-AA94-C33AFEEF067C}.Release|Any CPU.ActiveCfg = Release|Any CPU
		{DC3EEA45-72C5-4C98-AA94-C33AFEEF067C}.Release|Any CPU.Build.0 = Release|Any CPU
	EndGlobalSection
	GlobalSection(SolutionProperties) = preSolution
		HideSolutionNode = FALSE
	EndGlobalSection
EndGlobal
